
Microsoft Visual Studio Solution File, Format Version 12.00
# Visual Studio Version 16
VisualStudioVersion = 16.0.30907.101
MinimumVisualStudioVersion = 10.0.40219.1
Project("{FAE04EC0-301F-11D3-BF4B-00C04F79EFBC}") = "NPClubs", "NPClubs\NPClubs.csproj", "{2BBFF61B-0F62-491C-9C91-1046977E37B1}"
EndProject
Global
	GlobalSection(SolutionConfigurationPlatforms) = preSolution
		Debug|Any CPU = Debug|Any CPU
		Release|Any CPU = Release|Any CPU
	EndGlobalSection
	GlobalSection(ProjectConfigurationPlatforms) = postSolution
		{2BBFF61B-0F62-491C-9C91-1046977E37B1}.Debug|Any CPU.ActiveCfg = Debug|Any CPU
		{2BBFF61B-0F62-491C-9C91-1046977E37B1}.Debug|Any CPU.Build.0 = Debug|Any CPU
		{2BBFF61B-0F62-491C-9C91-1046977E37B1}.Release|Any CPU.ActiveCfg = Release|Any CPU
		{2BBFF61B-0F62-491C-9C91-1046977E37B1}.Release|Any CPU.Build.0 = Release|Any CPU
	EndGlobalSection
	GlobalSection(SolutionProperties) = preSolution
		HideSolutionNode = FALSE
	EndGlobalSection
	GlobalSection(ExtensibilityGlobals) = postSolution
		SolutionGuid = {60FE7991-7AE2-4998-85C1-62FB3CC57D3B}
	EndGlobalSection
EndGlobal
